{
  "nodes": {
    "nix-eda": {
      "inputs": {
        "nixpkgs": "nixpkgs"
      },
      "locked": {
        "lastModified": 1756208922,
        "narHash": "sha256-6CR+pLQPn3urPdlAmRS4qe2b9IzjyyMB25hy6V68bcc=",
        "owner": "fossi-foundation",
        "repo": "nix-eda",
        "rev": "5fe9ce30351385cead78fe8932210b0683795c80",
        "type": "github"
      },
      "original": {
        "owner": "fossi-foundation",
        "repo": "nix-eda",
        "type": "github"
      }
    },
    "nixpkgs": {
      "locked": {
        "lastModified": 1750400657,
        "narHash": "sha256-3vkjFnxCOP6vm5Pm13wC/Zy6/VYgei/I/2DWgW4RFeA=",
        "owner": "nixos",
        "repo": "nixpkgs",
        "rev": "b2485d56967598da068b5a6946dadda8bfcbcd37",
        "type": "github"
      },
      "original": {
        "owner": "nixos",
        "ref": "nixos-25.05",
        "repo": "nixpkgs",
        "type": "github"
      }
    },
    "root": {
      "inputs": {
        "nix-eda": "nix-eda"
      }
    }
  },
  "root": "root",
  "version": 7
}
